
Microsoft Visual Studio Solution File, Format Version 12.00
# Visual Studio 14
VisualStudioVersion = 14.0.25420.1
MinimumVisualStudioVersion = 10.0.40219.1
Project("{2150E333-8FDC-42A3-9474-1A3956D46DE8}") = "src", "src", "{DB6FABC5-472F-4457-95B1-CA6D7E095519}"
EndProject
Project("{2150E333-8FDC-42A3-9474-1A3956D46DE8}") = "Solution Items", "Solution Items", "{5111E84C-88A1-4B42-A927-61FF1CF0B6A3}"
	ProjectSection(SolutionItems) = preProject
		global.json = global.json
	EndProjectSection
EndProject
Project("{8BB2217D-0F2D-49D1-97BC-3654ED321F3B}") = "RestoreProblem", "src\RestoreProblem\RestoreProblem.xproj", "{6C60226B-6232-41DE-AA6C-FB36C618907F}"
EndProject
Project("{8BB2217D-0F2D-49D1-97BC-3654ED321F3B}") = "FileWatcherLib", "src\FileWatcherLib\FileWatcherLib.xproj", "{F8614B34-1594-434A-B231-79D547A7DD86}"
EndProject
Global
	GlobalSection(SolutionConfigurationPlatforms) = preSolution
		Debug|Any CPU = Debug|Any CPU
		Release|Any CPU = Release|Any CPU
	EndGlobalSection
	GlobalSection(ProjectConfigurationPlatforms) = postSolution
		{6C60226B-6232-41DE-AA6C-FB36C618907F}.Debug|Any CPU.ActiveCfg = Debug|Any CPU
		{6C60226B-6232-41DE-AA6C-FB36C618907F}.Debug|Any CPU.Build.0 = Debug|Any CPU
		{6C60226B-6232-41DE-AA6C-FB36C618907F}.Release|Any CPU.ActiveCfg = Release|Any CPU
		{6C60226B-6232-41DE-AA6C-FB36C618907F}.Release|Any CPU.Build.0 = Release|Any CPU
		{F8614B34-1594-434A-B231-79D547A7DD86}.Debug|Any CPU.ActiveCfg = Debug|Any CPU
		{F8614B34-1594-434A-B231-79D547A7DD86}.Debug|Any CPU.Build.0 = Debug|Any CPU
		{F8614B34-1594-434A-B231-79D547A7DD86}.Release|Any CPU.ActiveCfg = Release|Any CPU
		{F8614B34-1594-434A-B231-79D547A7DD86}.Release|Any CPU.Build.0 = Release|Any CPU
	EndGlobalSection
	GlobalSection(SolutionProperties) = preSolution
		HideSolutionNode = FALSE
	EndGlobalSection
	GlobalSection(NestedProjects) = preSolution
		{6C60226B-6232-41DE-AA6C-FB36C618907F} = {DB6FABC5-472F-4457-95B1-CA6D7E095519}
		{F8614B34-1594-434A-B231-79D547A7DD86} = {DB6FABC5-472F-4457-95B1-CA6D7E095519}
	EndGlobalSection
EndGlobal
